PODS:
  - ADALiOS (1.2.5.1)
  - AFNetworking (3.0.4):
    - AFNetworking/NSURLSession (= 3.0.4)
    - AFNetworking/Reachability (= 3.0.4)
    - AFNetworking/Security (= 3.0.4)
    - AFNetworking/Serialization (= 3.0.4)
    - AFNetworking/UIKit (= 3.0.4)
  - AFNetworking/NSURLSession (3.0.4):
    - AFNetworking/Reachability
    - AFNetworking/Security
    - AFNetworking/Serialization
  - AFNetworking/Reachability (3.0.4)
  - AFNetworking/Security (3.0.4)
  - AFNetworking/Serialization (3.0.4)
  - AFNetworking/UIKit (3.0.4):
    - AFNetworking/NSURLSession
  - BALoadingView (0.1.1)
  - Google-API-Client (1.0.422):
    - Google-API-Client/AdSense (= 1.0.422)
    - Google-API-Client/Analytics (= 1.0.422)
    - Google-API-Client/AppState (= 1.0.422)
    - Google-API-Client/Bigquery (= 1.0.422)
    - Google-API-Client/Blogger (= 1.0.422)
    - Google-API-Client/Books (= 1.0.422)
    - Google-API-Client/Calendar (= 1.0.422)
    - Google-API-Client/CivicInfo (= 1.0.422)
    - Google-API-Client/Common (= 1.0.422)
    - Google-API-Client/Compute (= 1.0.422)
    - Google-API-Client/Discovery (= 1.0.422)
    - Google-API-Client/DoubleClickBidManager (= 1.0.422)
    - Google-API-Client/Drive (= 1.0.422)
    - Google-API-Client/Gmail (= 1.0.422)
    - Google-API-Client/Groupssettings (= 1.0.422)
    - Google-API-Client/Licensing (= 1.0.422)
    - Google-API-Client/MapsEngine (= 1.0.422)
    - Google-API-Client/Mirror (= 1.0.422)
    - Google-API-Client/Orkut (= 1.0.422)
    - Google-API-Client/Plus (= 1.0.422)
    - Google-API-Client/PlusDomains (= 1.0.422)
    - Google-API-Client/Prediction (= 1.0.422)
    - Google-API-Client/QPXExpress (= 1.0.422)
    - Google-API-Client/Spectrum (= 1.0.422)
    - Google-API-Client/SQLAdmin (= 1.0.422)
    - Google-API-Client/Storage (= 1.0.422)
    - Google-API-Client/Tasks (= 1.0.422)
    - Google-API-Client/Urlshortener (= 1.0.422)
    - Google-API-Client/YouTube (= 1.0.422)
    - Google-API-Client/YouTubeAnalytics (= 1.0.422)
    - gtm-http-fetcher (~> 1.0.141)
    - gtm-oauth2 (~> 1.0.125)
  - Google-API-Client/AdSense (1.0.422):
    - Google-API-Client/Common
    - gtm-http-fetcher (~> 1.0.141)
    - gtm-oauth2 (~> 1.0.125)
  - Google-API-Client/Analytics (1.0.422):
    - Google-API-Client/Common
    - gtm-http-fetcher (~> 1.0.141)
    - gtm-oauth2 (~> 1.0.125)
  - Google-API-Client/AppState (1.0.422):
    - Google-API-Client/Common
    - gtm-http-fetcher (~> 1.0.141)
    - gtm-oauth2 (~> 1.0.125)
  - Google-API-Client/Bigquery (1.0.422):
    - Google-API-Client/Common
    - gtm-http-fetcher (~> 1.0.141)
    - gtm-oauth2 (~> 1.0.125)
  - Google-API-Client/Blogger (1.0.422):
    - Google-API-Client/Common
    - gtm-http-fetcher (~> 1.0.141)
    - gtm-oauth2 (~> 1.0.125)
  - Google-API-Client/Books (1.0.422):
    - Google-API-Client/Common
    - gtm-http-fetcher (~> 1.0.141)
    - gtm-oauth2 (~> 1.0.125)
  - Google-API-Client/Calendar (1.0.422):
    - Google-API-Client/Common
    - gtm-http-fetcher (~> 1.0.141)
    - gtm-oauth2 (~> 1.0.125)
  - Google-API-Client/CivicInfo (1.0.422):
    - Google-API-Client/Common
    - gtm-http-fetcher (~> 1.0.141)
    - gtm-oauth2 (~> 1.0.125)
  - Google-API-Client/Common (1.0.422):
    - gtm-http-fetcher (~> 1.0.141)
    - gtm-oauth2 (~> 1.0.125)
  - Google-API-Client/Compute (1.0.422):
    - Google-API-Client/Common
    - gtm-http-fetcher (~> 1.0.141)
    - gtm-oauth2 (~> 1.0.125)
  - Google-API-Client/Discovery (1.0.422):
    - Google-API-Client/Common
    - gtm-http-fetcher (~> 1.0.141)
    - gtm-oauth2 (~> 1.0.125)
  - Google-API-Client/DoubleClickBidManager (1.0.422):
    - Google-API-Client/Common
    - gtm-http-fetcher (~> 1.0.141)
    - gtm-oauth2 (~> 1.0.125)
  - Google-API-Client/Drive (1.0.422):
    - Google-API-Client/Common
    - gtm-http-fetcher (~> 1.0.141)
    - gtm-oauth2 (~> 1.0.125)
  - Google-API-Client/Gmail (1.0.422):
    - Google-API-Client/Common
    - gtm-http-fetcher (~> 1.0.141)
    - gtm-oauth2 (~> 1.0.125)
  - Google-API-Client/Groupssettings (1.0.422):
    - Google-API-Client/Common
    - gtm-http-fetcher (~> 1.0.141)
    - gtm-oauth2 (~> 1.0.125)
  - Google-API-Client/Licensing (1.0.422):
    - Google-API-Client/Common
    - gtm-http-fetcher (~> 1.0.141)
    - gtm-oauth2 (~> 1.0.125)
  - Google-API-Client/MapsEngine (1.0.422):
    - Google-API-Client/Common
    - gtm-http-fetcher (~> 1.0.141)
    - gtm-oauth2 (~> 1.0.125)
  - Google-API-Client/Mirror (1.0.422):
    - Google-API-Client/Common
    - gtm-http-fetcher (~> 1.0.141)
    - gtm-oauth2 (~> 1.0.125)
  - Google-API-Client/Orkut (1.0.422):
    - Google-API-Client/Common
    - gtm-http-fetcher (~> 1.0.141)
    - gtm-oauth2 (~> 1.0.125)
  - Google-API-Client/Plus (1.0.422):
    - Google-API-Client/Common
    - gtm-http-fetcher (~> 1.0.141)
    - gtm-oauth2 (~> 1.0.125)
  - Google-API-Client/PlusDomains (1.0.422):
    - Google-API-Client/Common
    - gtm-http-fetcher (~> 1.0.141)
    - gtm-oauth2 (~> 1.0.125)
  - Google-API-Client/Prediction (1.0.422):
    - Google-API-Client/Common
    - gtm-http-fetcher (~> 1.0.141)
    - gtm-oauth2 (~> 1.0.125)
  - Google-API-Client/QPXExpress (1.0.422):
    - Google-API-Client/Common
    - gtm-http-fetcher (~> 1.0.141)
    - gtm-oauth2 (~> 1.0.125)
  - Google-API-Client/Spectrum (1.0.422):
    - Google-API-Client/Common
    - gtm-http-fetcher (~> 1.0.141)
    - gtm-oauth2 (~> 1.0.125)
  - Google-API-Client/SQLAdmin (1.0.422):
    - Google-API-Client/Common
    - gtm-http-fetcher (~> 1.0.141)
    - gtm-oauth2 (~> 1.0.125)
  - Google-API-Client/Storage (1.0.422):
    - Google-API-Client/Common
    - gtm-http-fetcher (~> 1.0.141)
    - gtm-oauth2 (~> 1.0.125)
  - Google-API-Client/Tasks (1.0.422):
    - Google-API-Client/Common
    - gtm-http-fetcher (~> 1.0.141)
    - gtm-oauth2 (~> 1.0.125)
  - Google-API-Client/Urlshortener (1.0.422):
    - Google-API-Client/Common
    - gtm-http-fetcher (~> 1.0.141)
    - gtm-oauth2 (~> 1.0.125)
  - Google-API-Client/YouTube (1.0.422):
    - Google-API-Client/Common
    - gtm-http-fetcher (~> 1.0.141)
    - gtm-oauth2 (~> 1.0.125)
  - Google-API-Client/YouTubeAnalytics (1.0.422):
    - Google-API-Client/Common
    - gtm-http-fetcher (~> 1.0.141)
    - gtm-oauth2 (~> 1.0.125)
  - gtm-http-fetcher (1.0.141)
  - gtm-oauth2 (1.0.126):
    - gtm-http-fetcher (~> 1.0.141)
  - OneDriveSDK (1.1.2):
    - OneDriveSDK/Auth (= 1.1.2)
    - OneDriveSDK/Common (= 1.1.2)
    - OneDriveSDK/Extensions (= 1.1.2)
    - OneDriveSDK/Implementations (= 1.1.2)
    - OneDriveSDK/OneDriveCoreSDK (= 1.1.2)
  - OneDriveSDK/Auth (1.1.2):
    - ADALiOS (~> 1.2.4)
    - OneDriveSDK/Common
  - OneDriveSDK/Common (1.1.2)
  - OneDriveSDK/Extensions (1.1.2):
    - OneDriveSDK/Auth
    - OneDriveSDK/Implementations
    - OneDriveSDK/OneDriveCoreSDK
  - OneDriveSDK/Implementations (1.1.2):
    - OneDriveSDK/Common
  - OneDriveSDK/OneDriveCoreSDK (1.1.2):
    - OneDriveSDK/Common
  - pop (1.0.9)
  - PopMenu (2.4):
    - pop
    - XHRealTimeBlur
  - UnzipKit (1.6.2)
  - XHRealTimeBlur (1.7)
  - YSTutorialViewController (0.2)

DEPENDENCIES:
  - AFNetworking (~> 3.0)
  - BALoadingView (~> 0.1)
  - Google-API-Client
  - OneDriveSDK (~> 1.1)
  - PopMenu
  - UnzipKit (~> 1.6)
  - YSTutorialViewController (~> 0.2)

SPEC CHECKSUMS:
  ADALiOS: c478014b5fb25735456699182842f062d5098ff4
  AFNetworking: a0075feb321559dc78d9d85b55d11caa19eabb93
  BALoadingView: 181325648e67358b06dcedbc1cedfaeee35f8398
  Google-API-Client: cb712cf122f1d7fda966de4c2bc551324573366c
  gtm-http-fetcher: 6d4617e7d343b6e4c082b777541c334eb6f5d81e
  gtm-oauth2: 2a18b824e4f8a02df6cfe987beb59ae9d9697f9d
  OneDriveSDK: 2ba8787756deef12e787ee5dae6cb60e9dc7a6a9
  pop: f667631a5108a2e60d9e8797c9b32ddaf2080bce
  PopMenu: 26b97baeaf250070f4f61b93727ca86d127d7bc5
  UnzipKit: 0ba0a039e162e6dba98b5c53c6edc9aef081b69c
  XHRealTimeBlur: 661fadd5691ba2d349758e8fd5fbdb499ac55f8c
  YSTutorialViewController: d2fdc93863a729749cc961df6395b776fbe27874

COCOAPODS: 0.39.0
